
Microsoft Visual Studio Solution File, Format Version 12.00
# Visual Studio Version 16
VisualStudioVersion = 16.0.31613.86
MinimumVisualStudioVersion = 10.0.40219.1
Project("{FAE04EC0-301F-11D3-BF4B-00C04F79EFBC}") = "Roman", "Roman.csproj", "{9EC73F0F-B211-429E-9A4E-2FF584986281}"
EndProject
Global
	GlobalSection(SolutionConfigurationPlatforms) = preSolution
		Debug|Any CPU = Debug|Any CPU
		Release|Any CPU = Release|Any CPU
	EndGlobalSection
	GlobalSection(ProjectConfigurationPlatforms) = postSolution
		{9EC73F0F-B211-429E-9A4E-2FF584986281}.Debug|Any CPU.ActiveCfg = Debug|Any CPU
		{9EC73F0F-B211-429E-9A4E-2FF584986281}.Debug|Any CPU.Build.0 = Debug|Any CPU
		{9EC73F0F-B211-429E-9A4E-2FF584986281}.Release|Any CPU.ActiveCfg = Release|Any CPU
		{9EC73F0F-B211-429E-9A4E-2FF584986281}.Release|Any CPU.Build.0 = Release|Any CPU
	EndGlobalSection
	GlobalSection(SolutionProperties) = preSolution
		HideSolutionNode = FALSE
	EndGlobalSection
	GlobalSection(ExtensibilityGlobals) = postSolution
		SolutionGuid = {C4C885A4-F7AC-4D7B-AE48-8B8B19E3277C}
	EndGlobalSection
EndGlobal
